{
  "name": "matchall",
  "version": "1.0.0",
  "lockfileVersion": 1,
  "requires": true,
  "dependencies": {
    "simple-statistics": {
      "version": "5.3.1",
      "resolved": "https://registry.npmjs.org/simple-statistics/-/simple-statistics-5.3.1.tgz",
      "integrity": "sha512-i1f8W6C9hQDfSASgnGL0DEpxioocTe70l/TZCnwAGhWgrcTMn15SkyFcNLtG12QmKvdaVO1iQqV6zo69VTYXtQ=="
    }
  }
}
