{
  "name": "typedarray-set-overlap-fast-c-call",
  "version": "1.0.0",
  "lockfileVersion": 1,
  "requires": true,
  "dependencies": {
    "simple-statistics": {
      "version": "5.2.1",
      "resolved": "https://registry.npmjs.org/simple-statistics/-/simple-statistics-5.2.1.tgz",
      "integrity": "sha512-3GoUxxnGznTByzfHWroolVvRQ9/OXISUKjJYcBioLRDnGX7oJSkepxmvUyBIBDZaU1WoWMEIa9WxCo/tz96bEQ=="
    }
  }
}
